// !$*UTF8*$!
{
	archiveVersion = 1;
	classes = {
	};
	objectVersion = 77;
	objects = {

/* Begin PBXBuildFile section */
		6A2606AB2FFBC8B000779D76 /* WiBeamWidget.appex in Embed App Extensions */ = {isa = PBXBuildFile; fileRef = 6A2606A02FFBC8B000779D76 /* WiBeamWidget.appex */; settings = {ATTRIBUTES = (RemoveHeadersOnCopy, ); }; };
/* End PBXBuildFile section */

/* Begin PBXContainerItemProxy section */
		6A2605C72FFBC8A500779D76 /* PBXContainerItemProxy */ = {
			isa = PBXContainerItemProxy;
			containerPortal = 6A2605B12FFBC8A400779D76 /* Project object */;
			proxyType = 1;
			remoteGlobalIDString = 6A2605B82FFBC8A400779D76;
			remoteInfo = WiBeam;
		};
		6A2605D12FFBC8A500779D76 /* PBXContainerItemProxy */ = {
			isa = PBXContainerItemProxy;
			containerPortal = 6A2605B12FFBC8A400779D76 /* Project object */;
			proxyType = 1;
			remoteGlobalIDString = 6A2605B82FFBC8A400779D76;
			remoteInfo = WiBeam;
		};
		6A2606A92FFBC8B000779D76 /* PBXContainerItemProxy */ = {
			isa = PBXContainerItemProxy;
			containerPortal = 6A2605B12FFBC8A400779D76 /* Project object */;
			proxyType = 1;
			remoteGlobalIDString = 6A2606A52FFBC8B000779D76;
			remoteInfo = WiBeamWidget;
		};
/* End PBXContainerItemProxy section */

/* Begin PBXFileReference section */
		6A2605B92FFBC8A400779D76 /* WiBeam.app */ = {isa = PBXFileReference; explicitFileType = wrapper.application; includeInIndex = 0; path = WiBeam.app; sourceTree = BUILT_PRODUCTS_DIR; };
		6A2605C62FFBC8A500779D76 /* WiBeamTests.xctest */ = {isa = PBXFileReference; explicitFileType = wrapper.cfbundle; includeInIndex = 0; path = WiBeamTests.xctest; sourceTree = BUILT_PRODUCTS_DIR; };
		6A2605D02FFBC8A500779D76 /* WiBeamUITests.xctest */ = {isa = PBXFileReference; explicitFileType = wrapper.cfbundle; includeInIndex = 0; path = WiBeamUITests.xctest; sourceTree = BUILT_PRODUCTS_DIR; };
		6A2606A02FFBC8B000779D76 /* WiBeamWidget.appex */ = {isa = PBXFileReference; explicitFileType = "wrapper.app-extension"; includeInIndex = 0; path = WiBeamWidget.appex; sourceTree = BUILT_PRODUCTS_DIR; };
/* End PBXFileReference section */

/* Begin PBXFileSystemSynchronizedRootGroup section */
		6A2605BB2FFBC8A400779D76 /* WiBeam */ = {
			isa = PBXFileSystemSynchronizedRootGroup;
			path = WiBeam;
			sourceTree = "<group>";
		};
		6A2605C92FFBC8A500779D76 /* WiBeamTests */ = {
			isa = PBXFileSystemSynchronizedRootGroup;
			path = WiBeamTests;
			sourceTree = "<group>";
		};
		6A2605D32FFBC8A500779D76 /* WiBeamUITests */ = {
			isa = PBXFileSystemSynchronizedRootGroup;
			path = WiBeamUITests;
			sourceTree = "<group>";
		};
		6A2606A12FFBC8B000779D76 /* WiBeamWidget */ = {
			isa = PBXFileSystemSynchronizedRootGroup;
			path = WiBeamWidget;
			sourceTree = "<group>";
		};
/* End PBXFileSystemSynchronizedRootGroup section */

/* Begin PBXFrameworksBuildPhase section */
		6A2605B62FFBC8A400779D76 /* Frameworks */ = {
			isa = PBXFrameworksBuildPhase;
			buildActionMask = 2147483647;
			files = (
			);
			runOnlyForDeploymentPostprocessing = 0;
		};
		6A2605C32FFBC8A500779D76 /* Frameworks */ = {
			isa = PBXFrameworksBuildPhase;
			buildActionMask = 2147483647;
			files = (
			);
			runOnlyForDeploymentPostprocessing = 0;
		};
		6A2605CD2FFBC8A500779D76 /* Frameworks */ = {
			isa = PBXFrameworksBuildPhase;
			buildActionMask = 2147483647;
			files = (
			);
			runOnlyForDeploymentPostprocessing = 0;
		};
		6A2606A32FFBC8B000779D76 /* Frameworks */ = {
			isa = PBXFrameworksBuildPhase;
			buildActionMask = 2147483647;
			files = (
			);
			runOnlyForDeploymentPostprocessing = 0;
		};
/* End PBXFrameworksBuildPhase section */

/* Begin PBXCopyFilesBuildPhase section */
		6A2606AA2FFBC8B000779D76 /* Embed App Extensions */ = {
			isa = PBXCopyFilesBuildPhase;
			buildActionMask = 2147483647;
			dstPath = "";
			dstSubfolderSpec = 13;
			files = (
				6A2606AB2FFBC8B000779D76 /* WiBeamWidget.appex in Embed App Extensions */,
			);
			name = "Embed App Extensions";
			runOnlyForDeploymentPostprocessing = 0;
		};
/* End PBXCopyFilesBuildPhase section */

/* Begin PBXGroup section */
		6A2605B02FFBC8A400779D76 = {
			isa = PBXGroup;
			children = (
				6A2605BB2FFBC8A400779D76 /* WiBeam */,
				6A2606A12FFBC8B000779D76 /* WiBeamWidget */,
				6A2605C92FFBC8A500779D76 /* WiBeamTests */,
				6A2605D32FFBC8A500779D76 /* WiBeamUITests */,
				6A2605BA2FFBC8A400779D76 /* Products */,
			);
			sourceTree = "<group>";
		};
		6A2605BA2FFBC8A400779D76 /* Products */ = {
			isa = PBXGroup;
			children = (
				6A2605B92FFBC8A400779D76 /* WiBeam.app */,
				6A2606A02FFBC8B000779D76 /* WiBeamWidget.appex */,
				6A2605C62FFBC8A500779D76 /* WiBeamTests.xctest */,
				6A2605D02FFBC8A500779D76 /* WiBeamUITests.xctest */,
			);
			name = Products;
			sourceTree = "<group>";
		};
/* End PBXGroup section */

/* Begin PBXNativeTarget section */
		6A2605B82FFBC8A400779D76 /* WiBeam */ = {
			isa = PBXNativeTarget;
			buildConfigurationList = 6A2605DA2FFBC8A500779D76 /* Build configuration list for PBXNativeTarget "WiBeam" */;
			buildPhases = (
				6A2605B52FFBC8A400779D76 /* Sources */,
				6A2605B62FFBC8A400779D76 /* Frameworks */,
				6A2605B72FFBC8A400779D76 /* Resources */,
				6A2606AA2FFBC8B000779D76 /* Embed App Extensions */,
			);
			buildRules = (
			);
			dependencies = (
				6A2606AC2FFBC8B000779D76 /* PBXTargetDependency */,
			);
			fileSystemSynchronizedGroups = (
				6A2605BB2FFBC8A400779D76 /* WiBeam */,
			);
			name = WiBeam;
			packageProductDependencies = (
			);
			productName = WiBeam;
			productReference = 6A2605B92FFBC8A400779D76 /* WiBeam.app */;
			productType = "com.apple.product-type.application";
		};
		6A2605C52FFBC8A500779D76 /* WiBeamTests */ = {
			isa = PBXNativeTarget;
			buildConfigurationList = 6A2605DD2FFBC8A500779D76 /* Build configuration list for PBXNativeTarget "WiBeamTests" */;
			buildPhases = (
				6A2605C22FFBC8A500779D76 /* Sources */,
				6A2605C32FFBC8A500779D76 /* Frameworks */,
				6A2605C42FFBC8A500779D76 /* Resources */,
			);
			buildRules = (
			);
			dependencies = (
				6A2605C82FFBC8A500779D76 /* PBXTargetDependency */,
			);
			fileSystemSynchronizedGroups = (
				6A2605C92FFBC8A500779D76 /* WiBeamTests */,
			);
			name = WiBeamTests;
			packageProductDependencies = (
			);
			productName = WiBeamTests;
			productReference = 6A2605C62FFBC8A500779D76 /* WiBeamTests.xctest */;
			productType = "com.apple.product-type.bundle.unit-test";
		};
		6A2605CF2FFBC8A500779D76 /* WiBeamUITests */ = {
			isa = PBXNativeTarget;
			buildConfigurationList = 6A2605E02FFBC8A500779D76 /* Build configuration list for PBXNativeTarget "WiBeamUITests" */;
			buildPhases = (
				6A2605CC2FFBC8A500779D76 /* Sources */,
				6A2605CD2FFBC8A500779D76 /* Frameworks */,
				6A2605CE2FFBC8A500779D76 /* Resources */,
			);
			buildRules = (
			);
			dependencies = (
				6A2605D22FFBC8A500779D76 /* PBXTargetDependency */,
			);
			fileSystemSynchronizedGroups = (
				6A2605D32FFBC8A500779D76 /* WiBeamUITests */,
			);
			name = WiBeamUITests;
			packageProductDependencies = (
			);
			productName = WiBeamUITests;
			productReference = 6A2605D02FFBC8A500779D76 /* WiBeamUITests.xctest */;
			productType = "com.apple.product-type.bundle.ui-testing";
		};
		6A2606A52FFBC8B000779D76 /* WiBeamWidget */ = {
			isa = PBXNativeTarget;
			buildConfigurationList = 6A2606A82FFBC8B000779D76 /* Build configuration list for PBXNativeTarget "WiBeamWidget" */;
			buildPhases = (
				6A2606A22FFBC8B000779D76 /* Sources */,
				6A2606A32FFBC8B000779D76 /* Frameworks */,
				6A2606A42FFBC8B000779D76 /* Resources */,
			);
			buildRules = (
			);
			dependencies = (
			);
			fileSystemSynchronizedGroups = (
				6A2606A12FFBC8B000779D76 /* WiBeamWidget */,
			);
			name = WiBeamWidget;
			packageProductDependencies = (
			);
			productName = WiBeamWidget;
			productReference = 6A2606A02FFBC8B000779D76 /* WiBeamWidget.appex */;
			productType = "com.apple.product-type.app-extension";
		};
/* End PBXNativeTarget section */

/* Begin PBXProject section */
		6A2605B12FFBC8A400779D76 /* Project object */ = {
			isa = PBXProject;
			attributes = {
				BuildIndependentTargetsInParallel = 1;
				LastSwiftUpdateCheck = 2640;
				LastUpgradeCheck = 2640;
				TargetAttributes = {
					6A2605B82FFBC8A400779D76 = {
						CreatedOnToolsVersion = 26.4.1;
					};
					6A2605C52FFBC8A500779D76 = {
						CreatedOnToolsVersion = 26.4.1;
						TestTargetID = 6A2605B82FFBC8A400779D76;
					};
					6A2605CF2FFBC8A500779D76 = {
						CreatedOnToolsVersion = 26.4.1;
						TestTargetID = 6A2605B82FFBC8A400779D76;
					};
					6A2606A52FFBC8B000779D76 = {
						CreatedOnToolsVersion = 26.4.1;
					};
				};
			};
			buildConfigurationList = 6A2605B42FFBC8A400779D76 /* Build configuration list for PBXProject "WiBeam" */;
			developmentRegion = en;
			hasScannedForEncodings = 0;
			knownRegions = (
				en,
				Base,
			);
			mainGroup = 6A2605B02FFBC8A400779D76;
			minimizedProjectReferenceProxies = 1;
			preferredProjectObjectVersion = 77;
			productRefGroup = 6A2605BA2FFBC8A400779D76 /* Products */;
			projectDirPath = "";
			projectRoot = "";
			targets = (
				6A2605B82FFBC8A400779D76 /* WiBeam */,
				6A2606A52FFBC8B000779D76 /* WiBeamWidget */,
				6A2605C52FFBC8A500779D76 /* WiBeamTests */,
				6A2605CF2FFBC8A500779D76 /* WiBeamUITests */,
			);
		};
/* End PBXProject section */

/* Begin PBXResourcesBuildPhase section */
		6A2605B72FFBC8A400779D76 /* Resources */ = {
			isa = PBXResourcesBuildPhase;
			buildActionMask = 2147483647;
			files = (
			);
			runOnlyForDeploymentPostprocessing = 0;
		};
		6A2605C42FFBC8A500779D76 /* Resources */ = {
			isa = PBXResourcesBuildPhase;
			buildActionMask = 2147483647;
			files = (
			);
			runOnlyForDeploymentPostprocessing = 0;
		};
		6A2605CE2FFBC8A500779D76 /* Resources */ = {
			isa = PBXResourcesBuildPhase;
			buildActionMask = 2147483647;
			files = (
			);
			runOnlyForDeploymentPostprocessing = 0;
		};
		6A2606A42FFBC8B000779D76 /* Resources */ = {
			isa = PBXResourcesBuildPhase;
			buildActionMask = 2147483647;
			files = (
			);
			runOnlyForDeploymentPostprocessing = 0;
		};
/* End PBXResourcesBuildPhase section */

/* Begin PBXSourcesBuildPhase section */
		6A2605B52FFBC8A400779D76 /* Sources */ = {
			isa = PBXSourcesBuildPhase;
			buildActionMask = 2147483647;
			files = (
			);
			runOnlyForDeploymentPostprocessing = 0;
		};
		6A2605C22FFBC8A500779D76 /* Sources */ = {
			isa = PBXSourcesBuildPhase;
			buildActionMask = 2147483647;
			files = (
			);
			runOnlyForDeploymentPostprocessing = 0;
		};
		6A2605CC2FFBC8A500779D76 /* Sources */ = {
			isa = PBXSourcesBuildPhase;
			buildActionMask = 2147483647;
			files = (
			);
			runOnlyForDeploymentPostprocessing = 0;
		};
		6A2606A22FFBC8B000779D76 /* Sources */ = {
			isa = PBXSourcesBuildPhase;
			buildActionMask = 2147483647;
			files = (
			);
			runOnlyForDeploymentPostprocessing = 0;
		};
/* End PBXSourcesBuildPhase section */

/* Begin PBXTargetDependency section */
		6A2605C82FFBC8A500779D76 /* PBXTargetDependency */ = {
			isa = PBXTargetDependency;
			target = 6A2605B82FFBC8A400779D76 /* WiBeam */;
			targetProxy = 6A2605C72FFBC8A500779D76 /* PBXContainerItemProxy */;
		};
		6A2605D22FFBC8A500779D76 /* PBXTargetDependency */ = {
			isa = PBXTargetDependency;
			target = 6A2605B82FFBC8A400779D76 /* WiBeam */;
			targetProxy = 6A2605D12FFBC8A500779D76 /* PBXContainerItemProxy */;
		};
		6A2606AC2FFBC8B000779D76 /* PBXTargetDependency */ = {
			isa = PBXTargetDependency;
			target = 6A2606A52FFBC8B000779D76 /* WiBeamWidget */;
			targetProxy = 6A2606A92FFBC8B000779D76 /* PBXContainerItemProxy */;
		};
/* End PBXTargetDependency section */

/* Begin XCBuildConfiguration section */
		6A2605D82FFBC8A500779D76 /* Debug */ = {
			isa = XCBuildConfiguration;
			buildSettings = {
				ALWAYS_SEARCH_USER_PATHS = NO;
				ASSETCATALOG_COMPILER_GENERATE_SWIFT_ASSET_SYMBOL_EXTENSIONS = YES;
				CLANG_ANALYZER_NONNULL = YES;
				CLANG_ANALYZER_NUMBER_OBJECT_CONVERSION = YES_AGGRESSIVE;
				CLANG_CXX_LANGUAGE_STANDARD = "gnu++20";
				CLANG_ENABLE_MODULES = YES;
				CLANG_ENABLE_OBJC_ARC = YES;
				CLANG_ENABLE_OBJC_WEAK = YES;
				CLANG_WARN_BLOCK_CAPTURE_AUTORELEASING = YES;
				CLANG_WARN_BOOL_CONVERSION = YES;
				CLANG_WARN_COMMA = YES;
				CLANG_WARN_CONSTANT_CONVERSION = YES;
				CLANG_WARN_DEPRECATED_OBJC_IMPLEMENTATIONS = YES;
				CLANG_WARN_DIRECT_OBJC_ISA_USAGE = YES_ERROR;
				CLANG_WARN_DOCUMENTATION_COMMENTS = YES;
				CLANG_WARN_EMPTY_BODY = YES;
				CLANG_WARN_ENUM_CONVERSION = YES;
				CLANG_WARN_INFINITE_RECURSION = YES;
				CLANG_WARN_INT_CONVERSION = YES;
				CLANG_WARN_NON_LITERAL_NULL_CONVERSION = YES;
				CLANG_WARN_OBJC_IMPLICIT_RETAIN_SELF = YES;
				CLANG_WARN_OBJC_LITERAL_CONVERSION = YES;
				CLANG_WARN_OBJC_ROOT_CLASS = YES_ERROR;
				CLANG_WARN_QUOTED_INCLUDE_IN_FRAMEWORK_HEADER = YES;
				CLANG_WARN_RANGE_LOOP_ANALYSIS = YES;
				CLANG_WARN_STRICT_PROTOTYPES = YES;
				CLANG_WARN_SUSPICIOUS_MOVE = YES;
				CLANG_WARN_UNGUARDED_AVAILABILITY = YES_AGGRESSIVE;
				CLANG_WARN_UNREACHABLE_CODE = YES;
				CLANG_WARN__DUPLICATE_METHOD_MATCH = YES;
				COPY_PHASE_STRIP = NO;
				DEBUG_INFORMATION_FORMAT = dwarf;
				DEVELOPMENT_TEAM = JP4TN5PTS3;
				ENABLE_STRICT_OBJC_MSGSEND = YES;
				ENABLE_TESTABILITY = YES;
				ENABLE_USER_SCRIPT_SANDBOXING = YES;
				GCC_C_LANGUAGE_STANDARD = gnu17;
				GCC_DYNAMIC_NO_PIC = NO;
				GCC_NO_COMMON_BLOCKS = YES;
				GCC_OPTIMIZATION_LEVEL = 0;
				GCC_PREPROCESSOR_DEFINITIONS = (
					"DEBUG=1",
					"$(inherited)",
				);
				GCC_WARN_64_TO_32_BIT_CONVERSION = YES;
				GCC_WARN_ABOUT_RETURN_TYPE = YES_ERROR;
				GCC_WARN_UNDECLARED_SELECTOR = YES;
				GCC_WARN_UNINITIALIZED_AUTOS = YES_AGGRESSIVE;
				GCC_WARN_UNUSED_FUNCTION = YES;
				GCC_WARN_UNUSED_VARIABLE = YES;
				IPHONEOS_DEPLOYMENT_TARGET = 26.4;
				LOCALIZATION_PREFERS_STRING_CATALOGS = YES;
				MTL_ENABLE_DEBUG_INFO = INCLUDE_SOURCE;
				MTL_FAST_MATH = YES;
				ONLY_ACTIVE_ARCH = YES;
				SDKROOT = iphoneos;
				SWIFT_ACTIVE_COMPILATION_CONDITIONS = "DEBUG $(inherited)";
				SWIFT_OPTIMIZATION_LEVEL = "-Onone";
			};
			name = Debug;
		};
		6A2605D92FFBC8A500779D76 /* Release */ = {
			isa = XCBuildConfiguration;
			buildSettings = {
				ALWAYS_SEARCH_USER_PATHS = NO;
				ASSETCATALOG_COMPILER_GENERATE_SWIFT_ASSET_SYMBOL_EXTENSIONS = YES;
				CLANG_ANALYZER_NONNULL = YES;
				CLANG_ANALYZER_NUMBER_OBJECT_CONVERSION = YES_AGGRESSIVE;
				CLANG_CXX_LANGUAGE_STANDARD = "gnu++20";
				CLANG_ENABLE_MODULES = YES;
				CLANG_ENABLE_OBJC_ARC = YES;
				CLANG_ENABLE_OBJC_WEAK = YES;
				CLANG_WARN_BLOCK_CAPTURE_AUTORELEASING = YES;
				CLANG_WARN_BOOL_CONVERSION = YES;
				CLANG_WARN_COMMA = YES;
				CLANG_WARN_CONSTANT_CONVERSION = YES;
				CLANG_WARN_DEPRECATED_OBJC_IMPLEMENTATIONS = YES;
				CLANG_WARN_DIRECT_OBJC_ISA_USAGE = YES_ERROR;
				CLANG_WARN_DOCUMENTATION_COMMENTS = YES;
				CLANG_WARN_EMPTY_BODY = YES;
				CLANG_WARN_ENUM_CONVERSION = YES;
				CLANG_WARN_INFINITE_RECURSION = YES;
				CLANG_WARN_INT_CONVERSION = YES;
				CLANG_WARN_NON_LITERAL_NULL_CONVERSION = YES;
				CLANG_WARN_OBJC_IMPLICIT_RETAIN_SELF = YES;
				CLANG_WARN_OBJC_LITERAL_CONVERSION = YES;
				CLANG_WARN_OBJC_ROOT_CLASS = YES_ERROR;
				CLANG_WARN_QUOTED_INCLUDE_IN_FRAMEWORK_HEADER = YES;
				CLANG_WARN_RANGE_LOOP_ANALYSIS = YES;
				CLANG_WARN_STRICT_PROTOTYPES = YES;
				CLANG_WARN_SUSPICIOUS_MOVE = YES;
				CLANG_WARN_UNGUARDED_AVAILABILITY = YES_AGGRESSIVE;
				CLANG_WARN_UNREACHABLE_CODE = YES;
				CLANG_WARN__DUPLICATE_METHOD_MATCH = YES;
				COPY_PHASE_STRIP = NO;
				DEBUG_INFORMATION_FORMAT = "dwarf-with-dsym";
				DEVELOPMENT_TEAM = JP4TN5PTS3;
				ENABLE_NS_ASSERTIONS = NO;
				ENABLE_STRICT_OBJC_MSGSEND = YES;
				ENABLE_USER_SCRIPT_SANDBOXING = YES;
				GCC_C_LANGUAGE_STANDARD = gnu17;
				GCC_NO_COMMON_BLOCKS = YES;
				GCC_WARN_64_TO_32_BIT_CONVERSION = YES;
				GCC_WARN_ABOUT_RETURN_TYPE = YES_ERROR;
				GCC_WARN_UNDECLARED_SELECTOR = YES;
				GCC_WARN_UNINITIALIZED_AUTOS = YES_AGGRESSIVE;
				GCC_WARN_UNUSED_FUNCTION = YES;
				GCC_WARN_UNUSED_VARIABLE = YES;
				IPHONEOS_DEPLOYMENT_TARGET = 26.4;
				LOCALIZATION_PREFERS_STRING_CATALOGS = YES;
				MTL_ENABLE_DEBUG_INFO = NO;
				MTL_FAST_MATH = YES;
				SDKROOT = iphoneos;
				SWIFT_COMPILATION_MODE = wholemodule;
				VALIDATE_PRODUCT = YES;
			};
			name = Release;
		};
		6A2605DB2FFBC8A500779D76 /* Debug */ = {
			isa = XCBuildConfiguration;
			buildSettings = {
				ASSETCATALOG_COMPILER_APPICON_NAME = AppIcon;
				ASSETCATALOG_COMPILER_GLOBAL_ACCENT_COLOR_NAME = AccentColor;
				CODE_SIGN_ENTITLEMENTS = WiBeam/WiBeam.entitlements;
				CODE_SIGN_STYLE = Automatic;
				CURRENT_PROJECT_VERSION = 1;
				DEVELOPMENT_TEAM = JP4TN5PTS3;
				ENABLE_PREVIEWS = YES;
				GENERATE_INFOPLIST_FILE = YES;
				INFOPLIST_KEY_NSFaceIDUsageDescription = "WiBeam uses Face ID to protect your WiFi passwords.";
				INFOPLIST_KEY_NSPhotoLibraryAddUsageDescription = "WiBeam saves QR codes to your Photos library for sharing.";
				INFOPLIST_KEY_UIApplicationSceneManifest_Generation = YES;
				INFOPLIST_KEY_UIApplicationSupportsIndirectInputEvents = YES;
				INFOPLIST_KEY_UILaunchScreen_Generation = YES;
				INFOPLIST_KEY_UISupportedInterfaceOrientations_iPad = "UIInterfaceOrientationPortrait UIInterfaceOrientationPortraitUpsideDown UIInterfaceOrientationLandscapeLeft UIInterfaceOrientationLandscapeRight";
				INFOPLIST_KEY_UISupportedInterfaceOrientations_iPhone = "UIInterfaceOrientationPortrait UIInterfaceOrientationLandscapeLeft UIInterfaceOrientationLandscapeRight";
				IPHONEOS_DEPLOYMENT_TARGET = 17;
				LD_RUNPATH_SEARCH_PATHS = (
					"$(inherited)",
					"@executable_path/Frameworks",
				);
				MARKETING_VERSION = 1.0;
				PRODUCT_BUNDLE_IDENTIFIER = com.zzoutuo.WiBeam;
				PRODUCT_NAME = "$(TARGET_NAME)";
				STRING_CATALOG_GENERATE_SYMBOLS = YES;
				SWIFT_APPROACHABLE_CONCURRENCY = YES;
				SWIFT_DEFAULT_ACTOR_ISOLATION = MainActor;
				SWIFT_EMIT_LOC_STRINGS = YES;
				SWIFT_UPCOMING_FEATURE_MEMBER_IMPORT_VISIBILITY = YES;
				SWIFT_VERSION = 5.0;
				TARGETED_DEVICE_FAMILY = "1,2";
			};
			name = Debug;
		};
		6A2605DC2FFBC8A500779D76 /* Release */ = {
			isa = XCBuildConfiguration;
			buildSettings = {
				ASSETCATALOG_COMPILER_APPICON_NAME = AppIcon;
				ASSETCATALOG_COMPILER_GLOBAL_ACCENT_COLOR_NAME = AccentColor;
				CODE_SIGN_ENTITLEMENTS = WiBeam/WiBeam.entitlements;
				CODE_SIGN_STYLE = Automatic;
				CURRENT_PROJECT_VERSION = 1;
				DEVELOPMENT_TEAM = JP4TN5PTS3;
				ENABLE_PREVIEWS = YES;
				GENERATE_INFOPLIST_FILE = YES;
				INFOPLIST_KEY_NSFaceIDUsageDescription = "WiBeam uses Face ID to protect your WiFi passwords.";
				INFOPLIST_KEY_NSPhotoLibraryAddUsageDescription = "WiBeam saves QR codes to your Photos library for sharing.";
				INFOPLIST_KEY_UIApplicationSceneManifest_Generation = YES;
				INFOPLIST_KEY_UIApplicationSupportsIndirectInputEvents = YES;
				INFOPLIST_KEY_UILaunchScreen_Generation = YES;
				INFOPLIST_KEY_UISupportedInterfaceOrientations_iPad = "UIInterfaceOrientationPortrait UIInterfaceOrientationPortraitUpsideDown UIInterfaceOrientationLandscapeLeft UIInterfaceOrientationLandscapeRight";
				INFOPLIST_KEY_UISupportedInterfaceOrientations_iPhone = "UIInterfaceOrientationPortrait UIInterfaceOrientationLandscapeLeft UIInterfaceOrientationLandscapeRight";
				IPHONEOS_DEPLOYMENT_TARGET = 17;
				LD_RUNPATH_SEARCH_PATHS = (
					"$(inherited)",
					"@executable_path/Frameworks",
				);
				MARKETING_VERSION = 1.0;
				PRODUCT_BUNDLE_IDENTIFIER = com.zzoutuo.WiBeam;
				PRODUCT_NAME = "$(TARGET_NAME)";
				STRING_CATALOG_GENERATE_SYMBOLS = YES;
				SWIFT_APPROACHABLE_CONCURRENCY = YES;
				SWIFT_DEFAULT_ACTOR_ISOLATION = MainActor;
				SWIFT_EMIT_LOC_STRINGS = YES;
				SWIFT_UPCOMING_FEATURE_MEMBER_IMPORT_VISIBILITY = YES;
				SWIFT_VERSION = 5.0;
				TARGETED_DEVICE_FAMILY = "1,2";
			};
			name = Release;
		};
		6A2605DE2FFBC8A500779D76 /* Debug */ = {
			isa = XCBuildConfiguration;
			buildSettings = {
				BUNDLE_LOADER = "$(TEST_HOST)";
				CODE_SIGN_STYLE = Automatic;
				CURRENT_PROJECT_VERSION = 1;
				DEVELOPMENT_TEAM = JP4TN5PTS3;
				GENERATE_INFOPLIST_FILE = YES;
				IPHONEOS_DEPLOYMENT_TARGET = 26.4;
				MARKETING_VERSION = 1.0;
				PRODUCT_BUNDLE_IDENTIFIER = com.zzoutuo.WiBeam.WiBeamTests;
				PRODUCT_NAME = "$(TARGET_NAME)";
				STRING_CATALOG_GENERATE_SYMBOLS = NO;
				SWIFT_APPROACHABLE_CONCURRENCY = YES;
				SWIFT_EMIT_LOC_STRINGS = NO;
				SWIFT_UPCOMING_FEATURE_MEMBER_IMPORT_VISIBILITY = YES;
				SWIFT_VERSION = 5.0;
				TARGETED_DEVICE_FAMILY = "1,2";
				TEST_HOST = "$(BUILT_PRODUCTS_DIR)/WiBeam.app/$(BUNDLE_EXECUTABLE_FOLDER_PATH)/WiBeam";
			};
			name = Debug;
		};
		6A2605DF2FFBC8A500779D76 /* Release */ = {
			isa = XCBuildConfiguration;
			buildSettings = {
				BUNDLE_LOADER = "$(TEST_HOST)";
				CODE_SIGN_STYLE = Automatic;
				CURRENT_PROJECT_VERSION = 1;
				DEVELOPMENT_TEAM = JP4TN5PTS3;
				GENERATE_INFOPLIST_FILE = YES;
				IPHONEOS_DEPLOYMENT_TARGET = 26.4;
				MARKETING_VERSION = 1.0;
				PRODUCT_BUNDLE_IDENTIFIER = com.zzoutuo.WiBeam.WiBeamTests;
				PRODUCT_NAME = "$(TARGET_NAME)";
				STRING_CATALOG_GENERATE_SYMBOLS = NO;
				SWIFT_APPROACHABLE_CONCURRENCY = YES;
				SWIFT_EMIT_LOC_STRINGS = NO;
				SWIFT_UPCOMING_FEATURE_MEMBER_IMPORT_VISIBILITY = YES;
				SWIFT_VERSION = 5.0;
				TARGETED_DEVICE_FAMILY = "1,2";
				TEST_HOST = "$(BUILT_PRODUCTS_DIR)/WiBeam.app/$(BUNDLE_EXECUTABLE_FOLDER_PATH)/WiBeam";
			};
			name = Release;
		};
		6A2605E12FFBC8A500779D76 /* Debug */ = {
			isa = XCBuildConfiguration;
			buildSettings = {
				CODE_SIGN_STYLE = Automatic;
				CURRENT_PROJECT_VERSION = 1;
				DEVELOPMENT_TEAM = JP4TN5PTS3;
				GENERATE_INFOPLIST_FILE = YES;
				MARKETING_VERSION = 1.0;
				PRODUCT_BUNDLE_IDENTIFIER = com.zzoutuo.WiBeam.WiBeamUITests;
				PRODUCT_NAME = "$(TARGET_NAME)";
				STRING_CATALOG_GENERATE_SYMBOLS = NO;
				SWIFT_APPROACHABLE_CONCURRENCY = YES;
				SWIFT_EMIT_LOC_STRINGS = NO;
				SWIFT_UPCOMING_FEATURE_MEMBER_IMPORT_VISIBILITY = YES;
				SWIFT_VERSION = 5.0;
				TARGETED_DEVICE_FAMILY = "1,2";
				TEST_TARGET_NAME = WiBeam;
			};
			name = Debug;
		};
		6A2605E22FFBC8A500779D76 /* Release */ = {
			isa = XCBuildConfiguration;
			buildSettings = {
				CODE_SIGN_STYLE = Automatic;
				CURRENT_PROJECT_VERSION = 1;
				DEVELOPMENT_TEAM = JP4TN5PTS3;
				GENERATE_INFOPLIST_FILE = YES;
				MARKETING_VERSION = 1.0;
				PRODUCT_BUNDLE_IDENTIFIER = com.zzoutuo.WiBeam.WiBeamUITests;
				PRODUCT_NAME = "$(TARGET_NAME)";
				STRING_CATALOG_GENERATE_SYMBOLS = NO;
				SWIFT_APPROACHABLE_CONCURRENCY = YES;
				SWIFT_EMIT_LOC_STRINGS = NO;
				SWIFT_UPCOMING_FEATURE_MEMBER_IMPORT_VISIBILITY = YES;
				SWIFT_VERSION = 5.0;
				TARGETED_DEVICE_FAMILY = "1,2";
				TEST_TARGET_NAME = WiBeam;
			};
			name = Release;
		};
		6A2606A62FFBC8B000779D76 /* Debug */ = {
			isa = XCBuildConfiguration;
			buildSettings = {
				ASSETCATALOG_COMPILER_GLOBAL_ACCENT_COLOR_NAME = AccentColor;
				CODE_SIGN_ENTITLEMENTS = WiBeamWidget/WiBeamWidget.entitlements;
				CODE_SIGN_STYLE = Automatic;
				CURRENT_PROJECT_VERSION = 1;
				DEVELOPMENT_TEAM = JP4TN5PTS3;
				GENERATE_INFOPLIST_FILE = YES;
				INFOPLIST_FILE = WiBeamWidget_Info.plist;
				INFOPLIST_KEY_CFBundleDisplayName = "WiBeam Widget";
				IPHONEOS_DEPLOYMENT_TARGET = 17;
				LD_RUNPATH_SEARCH_PATHS = (
					"$(inherited)",
					"@executable_path/Frameworks",
					"@executable_path/../../Frameworks",
				);
				MARKETING_VERSION = 1.0;
				PRODUCT_BUNDLE_IDENTIFIER = com.zzoutuo.WiBeam.WiBeamWidget;
				PRODUCT_NAME = "$(TARGET_NAME)";
				SKIP_INSTALL = YES;
				SWIFT_APPROACHABLE_CONCURRENCY = YES;
				SWIFT_DEFAULT_ACTOR_ISOLATION = MainActor;
				SWIFT_EMIT_LOC_STRINGS = YES;
				SWIFT_UPCOMING_FEATURE_MEMBER_IMPORT_VISIBILITY = YES;
				SWIFT_VERSION = 5.0;
				TARGETED_DEVICE_FAMILY = "1,2";
			};
			name = Debug;
		};
		6A2606A72FFBC8B000779D76 /* Release */ = {
			isa = XCBuildConfiguration;
			buildSettings = {
				ASSETCATALOG_COMPILER_GLOBAL_ACCENT_COLOR_NAME = AccentColor;
				CODE_SIGN_ENTITLEMENTS = WiBeamWidget/WiBeamWidget.entitlements;
				CODE_SIGN_STYLE = Automatic;
				CURRENT_PROJECT_VERSION = 1;
				DEVELOPMENT_TEAM = JP4TN5PTS3;
				GENERATE_INFOPLIST_FILE = YES;
				INFOPLIST_FILE = WiBeamWidget_Info.plist;
				INFOPLIST_KEY_CFBundleDisplayName = "WiBeam Widget";
				IPHONEOS_DEPLOYMENT_TARGET = 17;
				LD_RUNPATH_SEARCH_PATHS = (
					"$(inherited)",
					"@executable_path/Frameworks",
					"@executable_path/../../Frameworks",
				);
				MARKETING_VERSION = 1.0;
				PRODUCT_BUNDLE_IDENTIFIER = com.zzoutuo.WiBeam.WiBeamWidget;
				PRODUCT_NAME = "$(TARGET_NAME)";
				SKIP_INSTALL = YES;
				SWIFT_APPROACHABLE_CONCURRENCY = YES;
				SWIFT_DEFAULT_ACTOR_ISOLATION = MainActor;
				SWIFT_EMIT_LOC_STRINGS = YES;
				SWIFT_UPCOMING_FEATURE_MEMBER_IMPORT_VISIBILITY = YES;
				SWIFT_VERSION = 5.0;
				TARGETED_DEVICE_FAMILY = "1,2";
			};
			name = Release;
		};
/* End XCBuildConfiguration section */

/* Begin XCConfigurationList section */
		6A2605B42FFBC8A400779D76 /* Build configuration list for PBXProject "WiBeam" */ = {
			isa = XCConfigurationList;
			buildConfigurations = (
				6A2605D82FFBC8A500779D76 /* Debug */,
				6A2605D92FFBC8A500779D76 /* Release */,
			);
			defaultConfigurationIsVisible = 0;
			defaultConfigurationName = Release;
		};
		6A2605DA2FFBC8A500779D76 /* Build configuration list for PBXNativeTarget "WiBeam" */ = {
			isa = XCConfigurationList;
			buildConfigurations = (
				6A2605DB2FFBC8A500779D76 /* Debug */,
				6A2605DC2FFBC8A500779D76 /* Release */,
			);
			defaultConfigurationIsVisible = 0;
			defaultConfigurationName = Release;
		};
		6A2605DD2FFBC8A500779D76 /* Build configuration list for PBXNativeTarget "WiBeamTests" */ = {
			isa = XCConfigurationList;
			buildConfigurations = (
				6A2605DE2FFBC8A500779D76 /* Debug */,
				6A2605DF2FFBC8A500779D76 /* Release */,
			);
			defaultConfigurationIsVisible = 0;
			defaultConfigurationName = Release;
		};
		6A2605E02FFBC8A500779D76 /* Build configuration list for PBXNativeTarget "WiBeamUITests" */ = {
			isa = XCConfigurationList;
			buildConfigurations = (
				6A2605E12FFBC8A500779D76 /* Debug */,
				6A2605E22FFBC8A500779D76 /* Release */,
			);
			defaultConfigurationIsVisible = 0;
			defaultConfigurationName = Release;
		};
		6A2606A82FFBC8B000779D76 /* Build configuration list for PBXNativeTarget "WiBeamWidget" */ = {
			isa = XCConfigurationList;
			buildConfigurations = (
				6A2606A62FFBC8B000779D76 /* Debug */,
				6A2606A72FFBC8B000779D76 /* Release */,
			);
			defaultConfigurationIsVisible = 0;
			defaultConfigurationName = Release;
		};
/* End XCConfigurationList section */
	};
	rootObject = 6A2605B12FFBC8A400779D76 /* Project object */;
}
